lockfileVersion: '9.0'

settings:
  autoInstallPeers: true
  excludeLinksFromLockfile: false

importers:

  .: {}

  packages/core:
    dependencies:
      '@qdrant/js-client-rest':
        specifier: ^1.14.1
        version: 1.14.1(typescript@5.8.3)
      openai:
        specifier: ^5.8.1
        version: 5.8.1
      uuid:
        specifier: ^11.1.0
        version: 11.1.0

packages:

  '@qdrant/js-client-rest@1.14.1':
    resolution: {integrity: sha512-CkCCTDc4gCXq+hhjB3yDw9Hs/PxCJ0bKqk/LjAAmuL9+nDm/RPue4C/tGOIMlzouTQ2l6J6t+JPeM//j38VFug==}
    engines: {node: '>=18.17.0', pnpm: '>=8'}
    peerDependencies:
      typescript: '>=4.7'

  '@qdrant/openapi-typescript-fetch@1.2.6':
    resolution: {integrity: sha512-oQG/FejNpItrxRHoyctYvT3rwGZOnK4jr3JdppO/c78ktDvkWiPXPHNsrDf33K9sZdRb6PR7gi4noIapu5q4HA==}
    engines: {node: '>=18.0.0', pnpm: '>=8'}

  '@sevinf/maybe@0.5.0':
    resolution: {integrity: sha512-ARhyoYDnY1LES3vYI0fiG6e9esWfTNcXcO6+MPJJXcnyMV3bim4lnFt45VXouV7y82F4x3YH8nOQ6VztuvUiWg==}

  openai@5.8.1:
    resolution: {integrity: sha512-+qp4vQjJs43pzMSb6quTYslOhVE0c0c7j4YMoEks83BnusG23UrsWn3Hey6/8mwYadY05KipLvbp+PTO4jxO9w==}
    hasBin: true
    peerDependencies:
      ws: ^8.18.0
      zod: ^3.23.8
    peerDependenciesMeta:
      ws:
        optional: true
      zod:
        optional: true

  typescript@5.8.3:
    resolution: {integrity: sha512-p1diW6TqL9L07nNxvRMM7hMMw4c5XOo/1ibL4aAIGmSAt9slTE1Xgw5KWuof2uTOvCg9BY7ZRi+GaF+7sfgPeQ==}
    engines: {node: '>=14.17'}
    hasBin: true

  undici@6.21.3:
    resolution: {integrity: sha512-gBLkYIlEnSp8pFbT64yFgGE6UIB9tAkhukC23PmMDCe5Nd+cRqKxSjw5y54MK2AZMgZfJWMaNE4nYUHgi1XEOw==}
    engines: {node: '>=18.17'}

  uuid@11.1.0:
    resolution: {integrity: sha512-0/A9rDy9P7cJ+8w1c9WD9V//9Wj15Ce2MPz8Ri6032usz+NfePxx5AcN3bN+r6ZL6jEo066/yNYB3tn4pQEx+A==}
    hasBin: true

snapshots:

  '@qdrant/js-client-rest@1.14.1(typescript@5.8.3)':
    dependencies:
      '@qdrant/openapi-typescript-fetch': 1.2.6
      '@sevinf/maybe': 0.5.0
      typescript: 5.8.3
      undici: 6.21.3

  '@qdrant/openapi-typescript-fetch@1.2.6': {}

  '@sevinf/maybe@0.5.0': {}

  openai@5.8.1: {}

  typescript@5.8.3: {}

  undici@6.21.3: {}

  uuid@11.1.0: {}
